
Microsoft Visual Studio Solution File, Format Version 12.00
# Visual Studio Version 17
VisualStudioVersion = 17.8.34525.116
MinimumVisualStudioVersion = 10.0.40219.1
Project("{FAE04EC0-301F-11D3-BF4B-00C04F79EFBC}") = "neocom", "neocom.csproj", "{64634CC2-698B-4B7C-BF3C-2D5D34CA94CE}"
EndProject
Global
	GlobalSection(SolutionConfigurationPlatforms) = preSolution
		Debug|Any CPU = Debug|Any CPU
		Release|Any CPU = Release|Any CPU
	EndGlobalSection
	GlobalSection(ProjectConfigurationPlatforms) = postSolution
		{64634CC2-698B-4B7C-BF3C-2D5D34CA94CE}.Debug|Any CPU.ActiveCfg = Debug|Any CPU
		{64634CC2-698B-4B7C-BF3C-2D5D34CA94CE}.Debug|Any CPU.Build.0 = Debug|Any CPU
		{64634CC2-698B-4B7C-BF3C-2D5D34CA94CE}.Release|Any CPU.ActiveCfg = Release|Any CPU
		{64634CC2-698B-4B7C-BF3C-2D5D34CA94CE}.Release|Any CPU.Build.0 = Release|Any CPU
	EndGlobalSection
	GlobalSection(SolutionProperties) = preSolution
		HideSolutionNode = FALSE
	EndGlobalSection
	GlobalSection(ExtensibilityGlobals) = postSolution
		SolutionGuid = {7029AB1C-B726-43BF-95D2-47403F65E031}
	EndGlobalSection
EndGlobal
